
Microsoft Visual Studio Solution File, Format Version 12.00
# Visual Studio 14
VisualStudioVersion = 14.0.23107.0
MinimumVisualStudioVersion = 10.0.40219.1
Project("{FAE04EC0-301F-11D3-BF4B-00C04F79EFBC}") = "Research.Logic", "Research.Logic\Research.Logic.csproj", "{8920A4F9-8BC9-44CF-A05C-C4E04E15ED2D}"
EndProject
Project("{FAE04EC0-301F-11D3-BF4B-00C04F79EFBC}") = "Research.Test", "Research.Test\Research.Test.csproj", "{E0DDF58F-AF65-49C4-953F-8995323A85A3}"
EndProject
Project("{FAE04EC0-301F-11D3-BF4B-00C04F79EFBC}") = "Research.Form", "Research.Form\Research.Form.csproj", "{40A8943E-7E2F-4915-A579-264032684687}"
EndProject
Project("{FAE04EC0-301F-11D3-BF4B-00C04F79EFBC}") = "Research.BO", "Research.BO\Research.BO.csproj", "{47D0A571-F287-42EB-AF51-1E04E2F8D82E}"
EndProject
Project("{2150E333-8FDC-42A3-9474-1A3956D46DE8}") = "config", "config", "{98B6FE0D-618C-4E24-AB18-A5FB4770C5BE}"
	ProjectSection(SolutionItems) = preProject
		config\common.config = config\common.config
		config\db.config = config\db.config
		config\encrypting.config = config\encrypting.config
		config\processing.config = config\processing.config
		config\web.config = config\web.config
	EndProjectSection
EndProject
Project("{2150E333-8FDC-42A3-9474-1A3956D46DE8}") = "log", "log", "{B9A339B5-0C8E-439D-A6E2-10FD3963986A}"
	ProjectSection(SolutionItems) = preProject
		config\log\log4net.api.config = config\log\log4net.api.config
		config\log\log4net.console.config = config\log\log4net.console.config
		config\log\log4net.web.config = config\log\log4net.web.config
	EndProjectSection
EndProject
Project("{FAE04EC0-301F-11D3-BF4B-00C04F79EFBC}") = "Research.Web", "Research.Web\Research.Web.csproj", "{54A75AF0-CBA6-4400-AF19-33FC957AB6FE}"
EndProject
Project("{FAE04EC0-301F-11D3-BF4B-00C04F79EFBC}") = "Research.Web.API", "Research.Web.API\Research.Web.API.csproj", "{B0A0ED69-2725-4B8B-844F-EA69E203DA51}"
EndProject
Project("{FAE04EC0-301F-11D3-BF4B-00C04F79EFBC}") = "Research.Model", "Research.Model\Research.Model.csproj", "{EDBAB75F-0191-4C3E-812E-6A30C06345CB}"
EndProject
Global
	GlobalSection(SolutionConfigurationPlatforms) = preSolution
		Debug|Any CPU = Debug|Any CPU
		Release|Any CPU = Release|Any CPU
	EndGlobalSection
	GlobalSection(ProjectConfigurationPlatforms) = postSolution
		{8920A4F9-8BC9-44CF-A05C-C4E04E15ED2D}.Debug|Any CPU.ActiveCfg = Debug|Any CPU
		{8920A4F9-8BC9-44CF-A05C-C4E04E15ED2D}.Debug|Any CPU.Build.0 = Debug|Any CPU
		{8920A4F9-8BC9-44CF-A05C-C4E04E15ED2D}.Release|Any CPU.ActiveCfg = Release|Any CPU
		{8920A4F9-8BC9-44CF-A05C-C4E04E15ED2D}.Release|Any CPU.Build.0 = Release|Any CPU
		{E0DDF58F-AF65-49C4-953F-8995323A85A3}.Debug|Any CPU.ActiveCfg = Debug|Any CPU
		{E0DDF58F-AF65-49C4-953F-8995323A85A3}.Debug|Any CPU.Build.0 = Debug|Any CPU
		{E0DDF58F-AF65-49C4-953F-8995323A85A3}.Release|Any CPU.ActiveCfg = Release|Any CPU
		{E0DDF58F-AF65-49C4-953F-8995323A85A3}.Release|Any CPU.Build.0 = Release|Any CPU
		{40A8943E-7E2F-4915-A579-264032684687}.Debug|Any CPU.ActiveCfg = Debug|Any CPU
		{40A8943E-7E2F-4915-A579-264032684687}.Debug|Any CPU.Build.0 = Debug|Any CPU
		{40A8943E-7E2F-4915-A579-264032684687}.Release|Any CPU.ActiveCfg = Release|Any CPU
		{40A8943E-7E2F-4915-A579-264032684687}.Release|Any CPU.Build.0 = Release|Any CPU
		{47D0A571-F287-42EB-AF51-1E04E2F8D82E}.Debug|Any CPU.ActiveCfg = Debug|Any CPU
		{47D0A571-F287-42EB-AF51-1E04E2F8D82E}.Debug|Any CPU.Build.0 = Debug|Any CPU
		{47D0A571-F287-42EB-AF51-1E04E2F8D82E}.Release|Any CPU.ActiveCfg = Release|Any CPU
		{47D0A571-F287-42EB-AF51-1E04E2F8D82E}.Release|Any CPU.Build.0 = Release|Any CPU
		{54A75AF0-CBA6-4400-AF19-33FC957AB6FE}.Debug|Any CPU.ActiveCfg = Debug|Any CPU
		{54A75AF0-CBA6-4400-AF19-33FC957AB6FE}.Debug|Any CPU.Build.0 = Debug|Any CPU
		{54A75AF0-CBA6-4400-AF19-33FC957AB6FE}.Release|Any CPU.ActiveCfg = Release|Any CPU
		{54A75AF0-CBA6-4400-AF19-33FC957AB6FE}.Release|Any CPU.Build.0 = Release|Any CPU
		{B0A0ED69-2725-4B8B-844F-EA69E203DA51}.Debug|Any CPU.ActiveCfg = Debug|Any CPU
		{B0A0ED69-2725-4B8B-844F-EA69E203DA51}.Debug|Any CPU.Build.0 = Debug|Any CPU
		{B0A0ED69-2725-4B8B-844F-EA69E203DA51}.Release|Any CPU.ActiveCfg = Release|Any CPU
		{B0A0ED69-2725-4B8B-844F-EA69E203DA51}.Release|Any CPU.Build.0 = Release|Any CPU
		{EDBAB75F-0191-4C3E-812E-6A30C06345CB}.Debug|Any CPU.ActiveCfg = Debug|Any CPU
		{EDBAB75F-0191-4C3E-812E-6A30C06345CB}.Debug|Any CPU.Build.0 = Debug|Any CPU
		{EDBAB75F-0191-4C3E-812E-6A30C06345CB}.Release|Any CPU.ActiveCfg = Release|Any CPU
		{EDBAB75F-0191-4C3E-812E-6A30C06345CB}.Release|Any CPU.Build.0 = Release|Any CPU
	EndGlobalSection
	GlobalSection(SolutionProperties) = preSolution
		HideSolutionNode = FALSE
	EndGlobalSection
	GlobalSection(NestedProjects) = preSolution
		{B9A339B5-0C8E-439D-A6E2-10FD3963986A} = {98B6FE0D-618C-4E24-AB18-A5FB4770C5BE}
	EndGlobalSection
EndGlobal
